// !$*UTF8*$!
{
	archiveVersion = 1;
	classes = {
	};
	objectVersion = 46;
	objects = {

/* Begin PBXAggregateTarget section */
		EB1CB1192568FF9F00441972 /* Aggregate */ = {
			isa = PBXAggregateTarget;
			buildConfigurationList = EB1CB11A2568FFA000441972 /* Build configuration list for PBXAggregateTarget "Aggregate" */;
			buildPhases = (
				EB1CB1202569000500441972 /* ShellScript */,
			);
			dependencies = (
			);
			name = Aggregate;
			productName = Aggregate;
		};
/* End PBXAggregateTarget section */

/* Begin PBXBuildFile section */
		38D6648ED20683A70CBFF611 /* Pods_TYUIKit_Example.framework in Frameworks */ = {isa = PBXBuildFile; fileRef = 0B897C51D95505E0AC96C5E8 /* Pods_TYUIKit_Example.framework */; };
		6003F58E195388D20070C39A /* Foundation.framework in Frameworks */ = {isa = PBXBuildFile; fileRef = 6003F58D195388D20070C39A /* Foundation.framework */; };
		6003F590195388D20070C39A /* CoreGraphics.framework in Frameworks */ = {isa = PBXBuildFile; fileRef = 6003F58F195388D20070C39A /* CoreGraphics.framework */; };
		6003F592195388D20070C39A /* UIKit.framework in Frameworks */ = {isa = PBXBuildFile; fileRef = 6003F591195388D20070C39A /* UIKit.framework */; };
		6003F598195388D20070C39A /* InfoPlist.strings in Resources */ = {isa = PBXBuildFile; fileRef = 6003F596195388D20070C39A /* InfoPlist.strings */; };
		6003F59A195388D20070C39A /* main.m in Sources */ = {isa = PBXBuildFile; fileRef = 6003F599195388D20070C39A /* main.m */; };
		6003F59E195388D20070C39A /* TYAppDelegate.m in Sources */ = {isa = PBXBuildFile; fileRef = 6003F59D195388D20070C39A /* TYAppDelegate.m */; };
		6003F5A9195388D20070C39A /* Images.xcassets in Resources */ = {isa = PBXBuildFile; fileRef = 6003F5A8195388D20070C39A /* Images.xcassets */; };
		6003F5B0195388D20070C39A /* XCTest.framework in Frameworks */ = {isa = PBXBuildFile; fileRef = 6003F5AF195388D20070C39A /* XCTest.framework */; };
		6003F5B1195388D20070C39A /* Foundation.framework in Frameworks */ = {isa = PBXBuildFile; fileRef = 6003F58D195388D20070C39A /* Foundation.framework */; };
		6003F5B2195388D20070C39A /* UIKit.framework in Frameworks */ = {isa = PBXBuildFile; fileRef = 6003F591195388D20070C39A /* UIKit.framework */; };
		6003F5BA195388D20070C39A /* InfoPlist.strings in Resources */ = {isa = PBXBuildFile; fileRef = 6003F5B8195388D20070C39A /* InfoPlist.strings */; };
		6003F5BC195388D20070C39A /* Tests.m in Sources */ = {isa = PBXBuildFile; fileRef = 6003F5BB195388D20070C39A /* Tests.m */; };
		71719F9F1E33DC2100824A3D /* LaunchScreen.storyboard in Resources */ = {isa = PBXBuildFile; fileRef = 71719F9D1E33DC2100824A3D /* LaunchScreen.storyboard */; };
		EB0AF6F324B8CBE7005B18B0 /* TYDefaultTableViewCell.xib in Resources */ = {isa = PBXBuildFile; fileRef = EB0AF6ED24B8CBE6005B18B0 /* TYDefaultTableViewCell.xib */; };
		EB0AF6F424B8CBE7005B18B0 /* TYDefaultTableViewCell.m in Sources */ = {isa = PBXBuildFile; fileRef = EB0AF6EE24B8CBE6005B18B0 /* TYDefaultTableViewCell.m */; };
		EB0AF6F524B8CBE7005B18B0 /* TYViewController.m in Sources */ = {isa = PBXBuildFile; fileRef = EB0AF6F124B8CBE7005B18B0 /* TYViewController.m */; };
		EB0AF6FB24B94A09005B18B0 /* TYDemoViewController.m in Sources */ = {isa = PBXBuildFile; fileRef = EB0AF6F924B94A08005B18B0 /* TYDemoViewController.m */; };
		EB0AF6FC24B94A09005B18B0 /* TYDemoViewController.xib in Resources */ = {isa = PBXBuildFile; fileRef = EB0AF6FA24B94A08005B18B0 /* TYDemoViewController.xib */; };
		EB0AF70324B97A3B005B18B0 /* TYTestTableViewCell.xib in Resources */ = {isa = PBXBuildFile; fileRef = EB0AF70224B97A3B005B18B0 /* TYTestTableViewCell.xib */; };
		EB0AF70924B97AAE005B18B0 /* TYTestTableViewCell.m in Sources */ = {isa = PBXBuildFile; fileRef = EB0AF70824B97AAE005B18B0 /* TYTestTableViewCell.m */; };
		EB0AF70C24B97AB6005B18B0 /* TYTestViewController.m in Sources */ = {isa = PBXBuildFile; fileRef = EB0AF70A24B97AB6005B18B0 /* TYTestViewController.m */; };
		EB0AF72124BCA5B5005B18B0 /* MCThemeManager.m in Sources */ = {isa = PBXBuildFile; fileRef = EB0AF72024BCA5B5005B18B0 /* MCThemeManager.m */; };
		EB1CB15F2569680500441972 /* UIButton+TYExtension.m in Sources */ = {isa = PBXBuildFile; fileRef = EB1CB15E2569680500441972 /* UIButton+TYExtension.m */; };
		EB1CB1652569680F00441972 /* TYUISeekBar.m in Sources */ = {isa = PBXBuildFile; fileRef = EB1CB1642569680F00441972 /* TYUISeekBar.m */; };
		EB1CB1692569684A00441972 /* UIButton+TYExtension.h in CopyFiles */ = {isa = PBXBuildFile; fileRef = EB1CB15D2569680500441972 /* UIButton+TYExtension.h */; };
		EB1CB16A2569684A00441972 /* TYUISeekBar.h in CopyFiles */ = {isa = PBXBuildFile; fileRef = EB1CB1632569680F00441972 /* TYUISeekBar.h */; };
		EB1CB1FA256A08C100441972 /* TYUIKit.h in CopyFiles */ = {isa = PBXBuildFile; fileRef = EB1CB1F9256A089E00441972 /* TYUIKit.h */; };
		EB1CB202256A0A0300441972 /* TYUIExtension.h in CopyFiles */ = {isa = PBXBuildFile; fileRef = EB1CB1FE256A097E00441972 /* TYUIExtension.h */; };
		EB7582EC250BD01200321C1C /* MCTestViewViewController.m in Sources */ = {isa = PBXBuildFile; fileRef = EB7582EB250BD01200321C1C /* MCTestViewViewController.m */; };
		EBB38C17250C74820034CCDE /* UIColor+Extension.m in Sources */ = {isa = PBXBuildFile; fileRef = EBB38C16250C74820034CCDE /* UIColor+Extension.m */; };
		EBB38C1A250C7BD80034CCDE /* UIView+TYExtension.m in Sources */ = {isa = PBXBuildFile; fileRef = EBB38C19250C7BD80034CCDE /* UIView+TYExtension.m */; };
		EBB38C1F250C7D510034CCDE /* UIWindow+TYExtension.m in Sources */ = {isa = PBXBuildFile; fileRef = EBB38C1E250C7D510034CCDE /* UIWindow+TYExtension.m */; };
		EBB38C2A250C86E10034CCDE /* UIView+TYNibExtension.m in Sources */ = {isa = PBXBuildFile; fileRef = EBB38C29250C86E10034CCDE /* UIView+TYNibExtension.m */; };
		EBB38C2D250CAFAF0034CCDE /* MCUScrollAnimator.m in Sources */ = {isa = PBXBuildFile; fileRef = EBB38C2C250CAFAF0034CCDE /* MCUScrollAnimator.m */; };
		EBB38C31250CB01C0034CCDE /* MCUNavigationBarScrollingAnimator.m in Sources */ = {isa = PBXBuildFile; fileRef = EBB38C30250CB01C0034CCDE /* MCUNavigationBarScrollingAnimator.m */; };
		EBB38C34250CBA550034CCDE /* UIScrollView+TYExtension.m in Sources */ = {isa = PBXBuildFile; fileRef = EBB38C33250CBA550034CCDE /* UIScrollView+TYExtension.m */; };
		EBED17192534A871005A65C6 /* TYCollectionViewController.m in Sources */ = {isa = PBXBuildFile; fileRef = EBED17172534A871005A65C6 /* TYCollectionViewController.m */; };
		EBED171A2534A871005A65C6 /* TYCollectionViewController.xib in Resources */ = {isa = PBXBuildFile; fileRef = EBED17182534A871005A65C6 /* TYCollectionViewController.xib */; };
/* End PBXBuildFile section */

/* Begin PBXContainerItemProxy section */
		6003F5B3195388D20070C39A /* PBXContainerItemProxy */ = {
			isa = PBXContainerItemProxy;
			containerPortal = 6003F582195388D10070C39A /* Project object */;
			proxyType = 1;
			remoteGlobalIDString = 6003F589195388D20070C39A;
			remoteInfo = TYUIKit;
		};
/* End PBXContainerItemProxy section */

/* Begin PBXCopyFilesBuildPhase section */
		EB1CB0FE2568FD6400441972 /* Embed Frameworks */ = {
			isa = PBXCopyFilesBuildPhase;
			buildActionMask = 2147483647;
			dstPath = "";
			dstSubfolderSpec = 10;
			files = (
			);
			name = "Embed Frameworks";
			runOnlyForDeploymentPostprocessing = 0;
		};
		EB1CB14925690DBE00441972 /* CopyFiles */ = {
			isa = PBXCopyFilesBuildPhase;
			buildActionMask = 2147483647;
			dstPath = "include/$(PRODUCT_NAME)";
			dstSubfolderSpec = 16;
			files = (
				EB1CB202256A0A0300441972 /* TYUIExtension.h in CopyFiles */,
				EB1CB1FA256A08C100441972 /* TYUIKit.h in CopyFiles */,
				EB1CB1692569684A00441972 /* UIButton+TYExtension.h in CopyFiles */,
				EB1CB16A2569684A00441972 /* TYUISeekBar.h in CopyFiles */,
			);
			runOnlyForDeploymentPostprocessing = 0;
		};
/* End PBXCopyFilesBuildPhase section */

/* Begin PBXFileReference section */
		0B897C51D95505E0AC96C5E8 /* Pods_TYUIKit_Example.framework */ = {isa = PBXFileReference; explicitFileType = wrapper.framework; includeInIndex = 0; path = Pods_TYUIKit_Example.framework; sourceTree = BUILT_PRODUCTS_DIR; };
		2FF1642D7F61BC0413FAC614 /* README.md */ = {isa = PBXFileReference; includeInIndex = 1; lastKnownFileType = net.daringfireball.markdown; name = README.md; path = ../README.md; sourceTree = "<group>"; };
		6003F58A195388D20070C39A /* TYUIKit_Example.app */ = {isa = PBXFileReference; explicitFileType = wrapper.application; includeInIndex = 0; path = TYUIKit_Example.app; sourceTree = BUILT_PRODUCTS_DIR; };
		6003F58D195388D20070C39A /* Foundation.framework */ = {isa = PBXFileReference; lastKnownFileType = wrapper.framework; name = Foundation.framework; path = System/Library/Frameworks/Foundation.framework; sourceTree = SDKROOT; };
		6003F58F195388D20070C39A /* CoreGraphics.framework */ = {isa = PBXFileReference; lastKnownFileType = wrapper.framework; name = CoreGraphics.framework; path = System/Library/Frameworks/CoreGraphics.framework; sourceTree = SDKROOT; };
		6003F591195388D20070C39A /* UIKit.framework */ = {isa = PBXFileReference; lastKnownFileType = wrapper.framework; name = UIKit.framework; path = System/Library/Frameworks/UIKit.framework; sourceTree = SDKROOT; };
		6003F595195388D20070C39A /* TYUIKit-Info.plist */ = {isa = PBXFileReference; lastKnownFileType = text.plist.xml; path = "TYUIKit-Info.plist"; sourceTree = "<group>"; };
		6003F597195388D20070C39A /* en */ = {isa = PBXFileReference; lastKnownFileType = text.plist.strings; name = en; path = en.lproj/InfoPlist.strings; sourceTree = "<group>"; };
		6003F599195388D20070C39A /* main.m */ = {isa = PBXFileReference; lastKnownFileType = sourcecode.c.objc; path = main.m; sourceTree = "<group>"; };
		6003F59B195388D20070C39A /* TYUIKit-Prefix.pch */ = {isa = PBXFileReference; lastKnownFileType = sourcecode.c.h; path = "TYUIKit-Prefix.pch"; sourceTree = "<group>"; };
		6003F59C195388D20070C39A /* TYAppDelegate.h */ = {isa = PBXFileReference; lastKnownFileType = sourcecode.c.h; path = TYAppDelegate.h; sourceTree = "<group>"; };
		6003F59D195388D20070C39A /* TYAppDelegate.m */ = {isa = PBXFileReference; lastKnownFileType = sourcecode.c.objc; path = TYAppDelegate.m; sourceTree = "<group>"; };
		6003F5A8195388D20070C39A /* Images.xcassets */ = {isa = PBXFileReference; lastKnownFileType = folder.assetcatalog; path = Images.xcassets; sourceTree = "<group>"; };
		6003F5AE195388D20070C39A /* TYUIKit_Tests.xctest */ = {isa = PBXFileReference; explicitFileType = wrapper.cfbundle; includeInIndex = 0; path = TYUIKit_Tests.xctest; sourceTree = BUILT_PRODUCTS_DIR; };
		6003F5AF195388D20070C39A /* XCTest.framework */ = {isa = PBXFileReference; lastKnownFileType = wrapper.framework; name = XCTest.framework; path = Library/Frameworks/XCTest.framework; sourceTree = DEVELOPER_DIR; };
		6003F5B7195388D20070C39A /* Tests-Info.plist */ = {isa = PBXFileReference; lastKnownFileType = text.plist.xml; path = "Tests-Info.plist"; sourceTree = "<group>"; };
		6003F5B9195388D20070C39A /* en */ = {isa = PBXFileReference; lastKnownFileType = text.plist.strings; name = en; path = en.lproj/InfoPlist.strings; sourceTree = "<group>"; };
		6003F5BB195388D20070C39A /* Tests.m */ = {isa = PBXFileReference; lastKnownFileType = sourcecode.c.objc; path = Tests.m; sourceTree = "<group>"; };
		606FC2411953D9B200FFA9A0 /* Tests-Prefix.pch */ = {isa = PBXFileReference; lastKnownFileType = sourcecode.c.h; path = "Tests-Prefix.pch"; sourceTree = "<group>"; };
		71719F9E1E33DC2100824A3D /* Base */ = {isa = PBXFileReference; lastKnownFileType = file.storyboard; name = Base; path = Base.lproj/LaunchScreen.storyboard; sourceTree = "<group>"; };
		731C7EEFCCFC5E63E7BE2A7C /* Pods-TYUIKit_Example.debug.xcconfig */ = {isa = PBXFileReference; includeInIndex = 1; lastKnownFileType = text.xcconfig; name = "Pods-TYUIKit_Example.debug.xcconfig"; path = "Target Support Files/Pods-TYUIKit_Example/Pods-TYUIKit_Example.debug.xcconfig"; sourceTree = "<group>"; };
		A6762591161461AF5E81EA68 /* LICENSE */ = {isa = PBXFileReference; includeInIndex = 1; lastKnownFileType = text; name = LICENSE; path = ../LICENSE; sourceTree = "<group>"; };
		AD2C927BE4D1EA9D1CE20E78 /* TYUIKit.podspec */ = {isa = PBXFileReference; includeInIndex = 1; lastKnownFileType = text; name = TYUIKit.podspec; path = ../TYUIKit.podspec; sourceTree = "<group>"; xcLanguageSpecificationIdentifier = xcode.lang.ruby; };
		D5F0F3D716F55AAEB56D1E24 /* Pods-TYUIKit_Example.release.xcconfig */ = {isa = PBXFileReference; includeInIndex = 1; lastKnownFileType = text.xcconfig; name = "Pods-TYUIKit_Example.release.xcconfig"; path = "Target Support Files/Pods-TYUIKit_Example/Pods-TYUIKit_Example.release.xcconfig"; sourceTree = "<group>"; };
		EB0AF6ED24B8CBE6005B18B0 /* TYDefaultTableViewCell.xib */ = {isa = PBXFileReference; fileEncoding = 4; lastKnownFileType = file.xib; path = TYDefaultTableViewCell.xib; sourceTree = "<group>"; };
		EB0AF6EE24B8CBE6005B18B0 /* TYDefaultTableViewCell.m */ = {isa = PBXFileReference; fileEncoding = 4; lastKnownFileType = sourcecode.c.objc; path = TYDefaultTableViewCell.m; sourceTree = "<group>"; };
		EB0AF6EF24B8CBE6005B18B0 /* TYDefaultTableViewCell.h */ = {isa = PBXFileReference; fileEncoding = 4; lastKnownFileType = sourcecode.c.h; path = TYDefaultTableViewCell.h; sourceTree = "<group>"; };
		EB0AF6F124B8CBE7005B18B0 /* TYViewController.m */ = {isa = PBXFileReference; fileEncoding = 4; lastKnownFileType = sourcecode.c.objc; path = TYViewController.m; sourceTree = "<group>"; };
		EB0AF6F224B8CBE7005B18B0 /* TYViewController.h */ = {isa = PBXFileReference; fileEncoding = 4; lastKnownFileType = sourcecode.c.h; path = TYViewController.h; sourceTree = "<group>"; };
		EB0AF6F824B94A08005B18B0 /* TYDemoViewController.h */ = {isa = PBXFileReference; lastKnownFileType = sourcecode.c.h; path = TYDemoViewController.h; sourceTree = "<group>"; };
		EB0AF6F924B94A08005B18B0 /* TYDemoViewController.m */ = {isa = PBXFileReference; lastKnownFileType = sourcecode.c.objc; path = TYDemoViewController.m; sourceTree = "<group>"; };
		EB0AF6FA24B94A08005B18B0 /* TYDemoViewController.xib */ = {isa = PBXFileReference; lastKnownFileType = file.xib; path = TYDemoViewController.xib; sourceTree = "<group>"; };
		EB0AF70224B97A3B005B18B0 /* TYTestTableViewCell.xib */ = {isa = PBXFileReference; fileEncoding = 4; lastKnownFileType = file.xib; path = TYTestTableViewCell.xib; sourceTree = "<group>"; };
		EB0AF70724B97AAE005B18B0 /* TYTestTableViewCell.h */ = {isa = PBXFileReference; fileEncoding = 4; lastKnownFileType = sourcecode.c.h; path = TYTestTableViewCell.h; sourceTree = "<group>"; };
		EB0AF70824B97AAE005B18B0 /* TYTestTableViewCell.m */ = {isa = PBXFileReference; fileEncoding = 4; lastKnownFileType = sourcecode.c.objc; path = TYTestTableViewCell.m; sourceTree = "<group>"; };
		EB0AF70A24B97AB6005B18B0 /* TYTestViewController.m */ = {isa = PBXFileReference; fileEncoding = 4; lastKnownFileType = sourcecode.c.objc; path = TYTestViewController.m; sourceTree = "<group>"; };
		EB0AF70B24B97AB6005B18B0 /* TYTestViewController.h */ = {isa = PBXFileReference; fileEncoding = 4; lastKnownFileType = sourcecode.c.h; path = TYTestViewController.h; sourceTree = "<group>"; };
		EB0AF71E24BCA5A1005B18B0 /* MCTheme.h */ = {isa = PBXFileReference; lastKnownFileType = sourcecode.c.h; path = MCTheme.h; sourceTree = "<group>"; };
		EB0AF71F24BCA5B5005B18B0 /* MCThemeManager.h */ = {isa = PBXFileReference; lastKnownFileType = sourcecode.c.h; path = MCThemeManager.h; sourceTree = "<group>"; };
		EB0AF72024BCA5B5005B18B0 /* MCThemeManager.m */ = {isa = PBXFileReference; lastKnownFileType = sourcecode.c.objc; path = MCThemeManager.m; sourceTree = "<group>"; };
		EB1CB14B25690DBE00441972 /* libTYUIKitBinary.a */ = {isa = PBXFileReference; explicitFileType = archive.ar; includeInIndex = 0; path = libTYUIKitBinary.a; sourceTree = BUILT_PRODUCTS_DIR; };
		EB1CB15D2569680500441972 /* UIButton+TYExtension.h */ = {isa = PBXFileReference; fileEncoding = 4; lastKnownFileType = sourcecode.c.h; path = "UIButton+TYExtension.h"; sourceTree = "<group>"; };
		EB1CB15E2569680500441972 /* UIButton+TYExtension.m */ = {isa = PBXFileReference; fileEncoding = 4; lastKnownFileType = sourcecode.c.objc; path = "UIButton+TYExtension.m"; sourceTree = "<group>"; };
		EB1CB1632569680F00441972 /* TYUISeekBar.h */ = {isa = PBXFileReference; fileEncoding = 4; lastKnownFileType = sourcecode.c.h; path = TYUISeekBar.h; sourceTree = "<group>"; };
		EB1CB1642569680F00441972 /* TYUISeekBar.m */ = {isa = PBXFileReference; fileEncoding = 4; lastKnownFileType = sourcecode.c.objc; path = TYUISeekBar.m; sourceTree = "<group>"; };
		EB1CB1F9256A089E00441972 /* TYUIKit.h */ = {isa = PBXFileReference; fileEncoding = 4; lastKnownFileType = sourcecode.c.h; name = TYUIKit.h; path = ../../TYUIKit/Classes/TYUIKit.h; sourceTree = "<group>"; };
		EB1CB1FE256A097E00441972 /* TYUIExtension.h */ = {isa = PBXFileReference; lastKnownFileType = sourcecode.c.h; path = TYUIExtension.h; sourceTree = "<group>"; };
		EB7582EA250BD01200321C1C /* MCTestViewViewController.h */ = {isa = PBXFileReference; lastKnownFileType = sourcecode.c.h; path = MCTestViewViewController.h; sourceTree = "<group>"; };
		EB7582EB250BD01200321C1C /* MCTestViewViewController.m */ = {isa = PBXFileReference; lastKnownFileType = sourcecode.c.objc; path = MCTestViewViewController.m; sourceTree = "<group>"; };
		EBB38C15250C74820034CCDE /* UIColor+Extension.h */ = {isa = PBXFileReference; lastKnownFileType = sourcecode.c.h; path = "UIColor+Extension.h"; sourceTree = "<group>"; };
		EBB38C16250C74820034CCDE /* UIColor+Extension.m */ = {isa = PBXFileReference; lastKnownFileType = sourcecode.c.objc; path = "UIColor+Extension.m"; sourceTree = "<group>"; };
		EBB38C18250C7BD80034CCDE /* UIView+TYExtension.h */ = {isa = PBXFileReference; lastKnownFileType = sourcecode.c.h; path = "UIView+TYExtension.h"; sourceTree = "<group>"; };
		EBB38C19250C7BD80034CCDE /* UIView+TYExtension.m */ = {isa = PBXFileReference; lastKnownFileType = sourcecode.c.objc; path = "UIView+TYExtension.m"; sourceTree = "<group>"; };
		EBB38C1C250C7C5A0034CCDE /* TYUIDefines.h */ = {isa = PBXFileReference; lastKnownFileType = sourcecode.c.h; path = TYUIDefines.h; sourceTree = "<group>"; };
		EBB38C1D250C7D510034CCDE /* UIWindow+TYExtension.h */ = {isa = PBXFileReference; lastKnownFileType = sourcecode.c.h; path = "UIWindow+TYExtension.h"; sourceTree = "<group>"; };
		EBB38C1E250C7D510034CCDE /* UIWindow+TYExtension.m */ = {isa = PBXFileReference; lastKnownFileType = sourcecode.c.objc; path = "UIWindow+TYExtension.m"; sourceTree = "<group>"; };
		EBB38C28250C86E10034CCDE /* UIView+TYNibExtension.h */ = {isa = PBXFileReference; lastKnownFileType = sourcecode.c.h; path = "UIView+TYNibExtension.h"; sourceTree = "<group>"; };
		EBB38C29250C86E10034CCDE /* UIView+TYNibExtension.m */ = {isa = PBXFileReference; lastKnownFileType = sourcecode.c.objc; path = "UIView+TYNibExtension.m"; sourceTree = "<group>"; };
		EBB38C2B250CAFAF0034CCDE /* MCUScrollAnimator.h */ = {isa = PBXFileReference; lastKnownFileType = sourcecode.c.h; path = MCUScrollAnimator.h; sourceTree = "<group>"; };
		EBB38C2C250CAFAF0034CCDE /* MCUScrollAnimator.m */ = {isa = PBXFileReference; lastKnownFileType = sourcecode.c.objc; path = MCUScrollAnimator.m; sourceTree = "<group>"; };
		EBB38C2F250CB01C0034CCDE /* MCUNavigationBarScrollingAnimator.h */ = {isa = PBXFileReference; lastKnownFileType = sourcecode.c.h; path = MCUNavigationBarScrollingAnimator.h; sourceTree = "<group>"; };
		EBB38C30250CB01C0034CCDE /* MCUNavigationBarScrollingAnimator.m */ = {isa = PBXFileReference; lastKnownFileType = sourcecode.c.objc; path = MCUNavigationBarScrollingAnimator.m; sourceTree = "<group>"; };
		EBB38C32250CBA550034CCDE /* UIScrollView+TYExtension.h */ = {isa = PBXFileReference; lastKnownFileType = sourcecode.c.h; path = "UIScrollView+TYExtension.h"; sourceTree = "<group>"; };
		EBB38C33250CBA550034CCDE /* UIScrollView+TYExtension.m */ = {isa = PBXFileReference; lastKnownFileType = sourcecode.c.objc; path = "UIScrollView+TYExtension.m"; sourceTree = "<group>"; };
		EBED17162534A871005A65C6 /* TYCollectionViewController.h */ = {isa = PBXFileReference; lastKnownFileType = sourcecode.c.h; path = TYCollectionViewController.h; sourceTree = "<group>"; };
		EBED17172534A871005A65C6 /* TYCollectionViewController.m */ = {isa = PBXFileReference; lastKnownFileType = sourcecode.c.objc; path = TYCollectionViewController.m; sourceTree = "<group>"; };
		EBED17182534A871005A65C6 /* TYCollectionViewController.xib */ = {isa = PBXFileReference; lastKnownFileType = file.xib; path = TYCollectionViewController.xib; sourceTree = "<group>"; };
/* End PBXFileReference section */

/* Begin PBXFrameworksBuildPhase section */
		6003F587195388D20070C39A /* Frameworks */ = {
			isa = PBXFrameworksBuildPhase;
			buildActionMask = 2147483647;
			files = (
				6003F590195388D20070C39A /* CoreGraphics.framework in Frameworks */,
				6003F592195388D20070C39A /* UIKit.framework in Frameworks */,
				6003F58E195388D20070C39A /* Foundation.framework in Frameworks */,
				38D6648ED20683A70CBFF611 /* Pods_TYUIKit_Example.framework in Frameworks */,
			);
			runOnlyForDeploymentPostprocessing = 0;
		};
		6003F5AB195388D20070C39A /* Frameworks */ = {
			isa = PBXFrameworksBuildPhase;
			buildActionMask = 2147483647;
			files = (
				6003F5B0195388D20070C39A /* XCTest.framework in Frameworks */,
				6003F5B2195388D20070C39A /* UIKit.framework in Frameworks */,
				6003F5B1195388D20070C39A /* Foundation.framework in Frameworks */,
			);
			runOnlyForDeploymentPostprocessing = 0;
		};
		EB1CB14825690DBE00441972 /* Frameworks */ = {
			isa = PBXFrameworksBuildPhase;
			buildActionMask = 2147483647;
			files = (
			);
			runOnlyForDeploymentPostprocessing = 0;
		};
/* End PBXFrameworksBuildPhase section */

/* Begin PBXGroup section */
		55D3E6AE9E9A4876653A977F /* Pods */ = {
			isa = PBXGroup;
			children = (
				731C7EEFCCFC5E63E7BE2A7C /* Pods-TYUIKit_Example.debug.xcconfig */,
				D5F0F3D716F55AAEB56D1E24 /* Pods-TYUIKit_Example.release.xcconfig */,
			);
			path = Pods;
			sourceTree = "<group>";
		};
		6003F581195388D10070C39A = {
			isa = PBXGroup;
			children = (
				60FF7A9C1954A5C5007DD14C /* Podspec Metadata */,
				6003F593195388D20070C39A /* Example for TYUIKit */,
				6003F5B5195388D20070C39A /* Tests */,
				EB1CB14C25690DBE00441972 /* TYUIKitBinary */,
				6003F58C195388D20070C39A /* Frameworks */,
				6003F58B195388D20070C39A /* Products */,
				55D3E6AE9E9A4876653A977F /* Pods */,
			);
			sourceTree = "<group>";
		};
		6003F58B195388D20070C39A /* Products */ = {
			isa = PBXGroup;
			children = (
				6003F58A195388D20070C39A /* TYUIKit_Example.app */,
				6003F5AE195388D20070C39A /* TYUIKit_Tests.xctest */,
				EB1CB14B25690DBE00441972 /* libTYUIKitBinary.a */,
			);
			name = Products;
			sourceTree = "<group>";
		};
		6003F58C195388D20070C39A /* Frameworks */ = {
			isa = PBXGroup;
			children = (
				6003F58D195388D20070C39A /* Foundation.framework */,
				6003F58F195388D20070C39A /* CoreGraphics.framework */,
				6003F591195388D20070C39A /* UIKit.framework */,
				6003F5AF195388D20070C39A /* XCTest.framework */,
				0B897C51D95505E0AC96C5E8 /* Pods_TYUIKit_Example.framework */,
			);
			name = Frameworks;
			sourceTree = "<group>";
		};
		6003F593195388D20070C39A /* Example for TYUIKit */ = {
			isa = PBXGroup;
			children = (
				EBB38C1B250C7C340034CCDE /* Marcos */,
				EBB38C14250C745A0034CCDE /* Categories */,
				EBC1DDE424CA4B4B0086E5F7 /* Resources */,
				EB0AF72424BCA5ED005B18B0 /* FDExtension */,
				EB0AF72324BCA5D7005B18B0 /* UIExtension */,
				EB0AF72224BCA5D0005B18B0 /* UIKit */,
				EB0AF71D24BCA579005B18B0 /* Theme */,
				EB0AF6F024B8CBE7005B18B0 /* Controllers */,
				EB0AF6EC24B8CBE6005B18B0 /* Views */,
				6003F59C195388D20070C39A /* TYAppDelegate.h */,
				6003F59D195388D20070C39A /* TYAppDelegate.m */,
				71719F9D1E33DC2100824A3D /* LaunchScreen.storyboard */,
				6003F5A8195388D20070C39A /* Images.xcassets */,
				6003F594195388D20070C39A /* Supporting Files */,
			);
			name = "Example for TYUIKit";
			path = TYUIKit;
			sourceTree = "<group>";
		};
		6003F594195388D20070C39A /* Supporting Files */ = {
			isa = PBXGroup;
			children = (
				6003F595195388D20070C39A /* TYUIKit-Info.plist */,
				6003F596195388D20070C39A /* InfoPlist.strings */,
				6003F599195388D20070C39A /* main.m */,
				6003F59B195388D20070C39A /* TYUIKit-Prefix.pch */,
			);
			name = "Supporting Files";
			sourceTree = "<group>";
		};
		6003F5B5195388D20070C39A /* Tests */ = {
			isa = PBXGroup;
			children = (
				6003F5BB195388D20070C39A /* Tests.m */,
				6003F5B6195388D20070C39A /* Supporting Files */,
			);
			path = Tests;
			sourceTree = "<group>";
		};
		6003F5B6195388D20070C39A /* Supporting Files */ = {
			isa = PBXGroup;
			children = (
				6003F5B7195388D20070C39A /* Tests-Info.plist */,
				6003F5B8195388D20070C39A /* InfoPlist.strings */,
				606FC2411953D9B200FFA9A0 /* Tests-Prefix.pch */,
			);
			name = "Supporting Files";
			sourceTree = "<group>";
		};
		60FF7A9C1954A5C5007DD14C /* Podspec Metadata */ = {
			isa = PBXGroup;
			children = (
				AD2C927BE4D1EA9D1CE20E78 /* TYUIKit.podspec */,
				2FF1642D7F61BC0413FAC614 /* README.md */,
				A6762591161461AF5E81EA68 /* LICENSE */,
			);
			name = "Podspec Metadata";
			sourceTree = "<group>";
		};
		EB0AF6EC24B8CBE6005B18B0 /* Views */ = {
			isa = PBXGroup;
			children = (
				EB0AF70724B97AAE005B18B0 /* TYTestTableViewCell.h */,
				EB0AF70824B97AAE005B18B0 /* TYTestTableViewCell.m */,
				EB0AF6EE24B8CBE6005B18B0 /* TYDefaultTableViewCell.m */,
				EB0AF6EF24B8CBE6005B18B0 /* TYDefaultTableViewCell.h */,
				EB0AF6ED24B8CBE6005B18B0 /* TYDefaultTableViewCell.xib */,
				EB0AF70224B97A3B005B18B0 /* TYTestTableViewCell.xib */,
			);
			path = Views;
			sourceTree = "<group>";
		};
		EB0AF6F024B8CBE7005B18B0 /* Controllers */ = {
			isa = PBXGroup;
			children = (
				EB0AF70B24B97AB6005B18B0 /* TYTestViewController.h */,
				EB0AF70A24B97AB6005B18B0 /* TYTestViewController.m */,
				EB0AF6F224B8CBE7005B18B0 /* TYViewController.h */,
				EB0AF6F124B8CBE7005B18B0 /* TYViewController.m */,
				EB0AF6F824B94A08005B18B0 /* TYDemoViewController.h */,
				EB0AF6F924B94A08005B18B0 /* TYDemoViewController.m */,
				EB0AF6FA24B94A08005B18B0 /* TYDemoViewController.xib */,
				EB7582EA250BD01200321C1C /* MCTestViewViewController.h */,
				EB7582EB250BD01200321C1C /* MCTestViewViewController.m */,
				EBED17162534A871005A65C6 /* TYCollectionViewController.h */,
				EBED17172534A871005A65C6 /* TYCollectionViewController.m */,
				EBED17182534A871005A65C6 /* TYCollectionViewController.xib */,
			);
			path = Controllers;
			sourceTree = "<group>";
		};
		EB0AF71D24BCA579005B18B0 /* Theme */ = {
			isa = PBXGroup;
			children = (
				EB0AF71E24BCA5A1005B18B0 /* MCTheme.h */,
				EB0AF71F24BCA5B5005B18B0 /* MCThemeManager.h */,
				EB0AF72024BCA5B5005B18B0 /* MCThemeManager.m */,
			);
			path = Theme;
			sourceTree = "<group>";
		};
		EB0AF72224BCA5D0005B18B0 /* UIKit */ = {
			isa = PBXGroup;
			children = (
				EBB38C2E250CAFBC0034CCDE /* ScrollAnimators */,
			);
			path = UIKit;
			sourceTree = "<group>";
		};
		EB0AF72324BCA5D7005B18B0 /* UIExtension */ = {
			isa = PBXGroup;
			children = (
				EBB38C18250C7BD80034CCDE /* UIView+TYExtension.h */,
				EBB38C19250C7BD80034CCDE /* UIView+TYExtension.m */,
				EBB38C1D250C7D510034CCDE /* UIWindow+TYExtension.h */,
				EBB38C1E250C7D510034CCDE /* UIWindow+TYExtension.m */,
				EBB38C28250C86E10034CCDE /* UIView+TYNibExtension.h */,
				EBB38C29250C86E10034CCDE /* UIView+TYNibExtension.m */,
				EBB38C32250CBA550034CCDE /* UIScrollView+TYExtension.h */,
				EBB38C33250CBA550034CCDE /* UIScrollView+TYExtension.m */,
			);
			path = UIExtension;
			sourceTree = "<group>";
		};
		EB0AF72424BCA5ED005B18B0 /* FDExtension */ = {
			isa = PBXGroup;
			children = (
			);
			path = FDExtension;
			sourceTree = "<group>";
		};
		EB1CB14C25690DBE00441972 /* TYUIKitBinary */ = {
			isa = PBXGroup;
			children = (
				EB1CB1F9256A089E00441972 /* TYUIKit.h */,
				EB1CB15725690E1000441972 /* UIExtensions */,
				EB1CB15825690E1000441972 /* UIWidgets */,
			);
			path = TYUIKitBinary;
			sourceTree = "<group>";
		};
		EB1CB15725690E1000441972 /* UIExtensions */ = {
			isa = PBXGroup;
			children = (
				EB1CB1FE256A097E00441972 /* TYUIExtension.h */,
				EB1CB15D2569680500441972 /* UIButton+TYExtension.h */,
				EB1CB15E2569680500441972 /* UIButton+TYExtension.m */,
			);
			name = UIExtensions;
			path = ../../TYUIKit/Classes/UIExtensions;
			sourceTree = "<group>";
		};
		EB1CB15825690E1000441972 /* UIWidgets */ = {
			isa = PBXGroup;
			children = (
				EB1CB1632569680F00441972 /* TYUISeekBar.h */,
				EB1CB1642569680F00441972 /* TYUISeekBar.m */,
			);
			name = UIWidgets;
			path = ../../TYUIKit/Classes/UIWidgets;
			sourceTree = "<group>";
		};
		EBB38C14250C745A0034CCDE /* Categories */ = {
			isa = PBXGroup;
			children = (
				EBB38C15250C74820034CCDE /* UIColor+Extension.h */,
				EBB38C16250C74820034CCDE /* UIColor+Extension.m */,
			);
			path = Categories;
			sourceTree = "<group>";
		};
		EBB38C1B250C7C340034CCDE /* Marcos */ = {
			isa = PBXGroup;
			children = (
				EBB38C1C250C7C5A0034CCDE /* TYUIDefines.h */,
			);
			path = Marcos;
			sourceTree = "<group>";
		};
		EBB38C2E250CAFBC0034CCDE /* ScrollAnimators */ = {
			isa = PBXGroup;
			children = (
				EBB38C2B250CAFAF0034CCDE /* MCUScrollAnimator.h */,
				EBB38C2C250CAFAF0034CCDE /* MCUScrollAnimator.m */,
				EBB38C2F250CB01C0034CCDE /* MCUNavigationBarScrollingAnimator.h */,
				EBB38C30250CB01C0034CCDE /* MCUNavigationBarScrollingAnimator.m */,
			);
			path = ScrollAnimators;
			sourceTree = "<group>";
		};
		EBC1DDE424CA4B4B0086E5F7 /* Resources */ = {
			isa = PBXGroup;
			children = (
			);
			path = Resources;
			sourceTree = "<group>";
		};
/* End PBXGroup section */

/* Begin PBXNativeTarget section */
		6003F589195388D20070C39A /* TYUIKit_Example */ = {
			isa = PBXNativeTarget;
			buildConfigurationList = 6003F5BF195388D20070C39A /* Build configuration list for PBXNativeTarget "TYUIKit_Example" */;
			buildPhases = (
				F20859EBD51CF1FFEE8B731A /* [CP] Check Pods Manifest.lock */,
				6003F586195388D20070C39A /* Sources */,
				6003F587195388D20070C39A /* Frameworks */,
				6003F588195388D20070C39A /* Resources */,
				EB1CB0FE2568FD6400441972 /* Embed Frameworks */,
				10590237B5AB992356189DBA /* [CP] Embed Pods Frameworks */,
			);
			buildRules = (
			);
			dependencies = (
			);
			name = TYUIKit_Example;
			productName = TYUIKit;
			productReference = 6003F58A195388D20070C39A /* TYUIKit_Example.app */;
			productType = "com.apple.product-type.application";
		};
		6003F5AD195388D20070C39A /* TYUIKit_Tests */ = {
			isa = PBXNativeTarget;
			buildConfigurationList = 6003F5C2195388D20070C39A /* Build configuration list for PBXNativeTarget "TYUIKit_Tests" */;
			buildPhases = (
				6003F5AA195388D20070C39A /* Sources */,
				6003F5AB195388D20070C39A /* Frameworks */,
				6003F5AC195388D20070C39A /* Resources */,
			);
			buildRules = (
			);
			dependencies = (
				6003F5B4195388D20070C39A /* PBXTargetDependency */,
			);
			name = TYUIKit_Tests;
			productName = TYUIKitTests;
			productReference = 6003F5AE195388D20070C39A /* TYUIKit_Tests.xctest */;
			productType = "com.apple.product-type.bundle.unit-test";
		};
		EB1CB14A25690DBE00441972 /* TYUIKitBinary */ = {
			isa = PBXNativeTarget;
			buildConfigurationList = EB1CB15125690DBE00441972 /* Build configuration list for PBXNativeTarget "TYUIKitBinary" */;
			buildPhases = (
				EB1CB14725690DBE00441972 /* Sources */,
				EB1CB14825690DBE00441972 /* Frameworks */,
				EB1CB14925690DBE00441972 /* CopyFiles */,
			);
			buildRules = (
			);
			dependencies = (
			);
			name = TYUIKitBinary;
			productName = TYUIKitBinary;
			productReference = EB1CB14B25690DBE00441972 /* libTYUIKitBinary.a */;
			productType = "com.apple.product-type.library.static";
		};
/* End PBXNativeTarget section */

/* Begin PBXProject section */
		6003F582195388D10070C39A /* Project object */ = {
			isa = PBXProject;
			attributes = {
				CLASSPREFIX = MC;
				LastUpgradeCheck = 1110;
				ORGANIZATIONNAME = TonyTong1993;
				TargetAttributes = {
					6003F589195388D20070C39A = {
						ProvisioningStyle = Manual;
					};
					6003F5AD195388D20070C39A = {
						DevelopmentTeam = ZA734EWL3T;
						TestTargetID = 6003F589195388D20070C39A;
					};
					EB1CB1192568FF9F00441972 = {
						CreatedOnToolsVersion = 12.2;
						DevelopmentTeam = ZA734EWL3T;
						ProvisioningStyle = Automatic;
					};
					EB1CB14A25690DBE00441972 = {
						CreatedOnToolsVersion = 12.2;
						DevelopmentTeam = ZA734EWL3T;
						ProvisioningStyle = Automatic;
					};
				};
			};
			buildConfigurationList = 6003F585195388D10070C39A /* Build configuration list for PBXProject "TYUIKit" */;
			compatibilityVersion = "Xcode 3.2";
			developmentRegion = en;
			hasScannedForEncodings = 0;
			knownRegions = (
				en,
				Base,
			);
			mainGroup = 6003F581195388D10070C39A;
			productRefGroup = 6003F58B195388D20070C39A /* Products */;
			projectDirPath = "";
			projectRoot = "";
			targets = (
				6003F589195388D20070C39A /* TYUIKit_Example */,
				6003F5AD195388D20070C39A /* TYUIKit_Tests */,
				EB1CB1192568FF9F00441972 /* Aggregate */,
				EB1CB14A25690DBE00441972 /* TYUIKitBinary */,
			);
		};
/* End PBXProject section */

/* Begin PBXResourcesBuildPhase section */
		6003F588195388D20070C39A /* Resources */ = {
			isa = PBXResourcesBuildPhase;
			buildActionMask = 2147483647;
			files = (
				EB0AF70324B97A3B005B18B0 /* TYTestTableViewCell.xib in Resources */,
				EB0AF6F324B8CBE7005B18B0 /* TYDefaultTableViewCell.xib in Resources */,
				71719F9F1E33DC2100824A3D /* LaunchScreen.storyboard in Resources */,
				EB0AF6FC24B94A09005B18B0 /* TYDemoViewController.xib in Resources */,
				6003F5A9195388D20070C39A /* Images.xcassets in Resources */,
				6003F598195388D20070C39A /* InfoPlist.strings in Resources */,
				EBED171A2534A871005A65C6 /* TYCollectionViewController.xib in Resources */,
			);
			runOnlyForDeploymentPostprocessing = 0;
		};
		6003F5AC195388D20070C39A /* Resources */ = {
			isa = PBXResourcesBuildPhase;
			buildActionMask = 2147483647;
			files = (
				6003F5BA195388D20070C39A /* InfoPlist.strings in Resources */,
			);
			runOnlyForDeploymentPostprocessing = 0;
		};
/* End PBXResourcesBuildPhase section */

/* Begin PBXShellScriptBuildPhase section */
		10590237B5AB992356189DBA /* [CP] Embed Pods Frameworks */ = {
			isa = PBXShellScriptBuildPhase;
			buildActionMask = 2147483647;
			files = (
			);
			inputPaths = (
				"${PODS_ROOT}/Target Support Files/Pods-TYUIKit_Example/Pods-TYUIKit_Example-frameworks.sh",
				"${BUILT_PRODUCTS_DIR}/TYUIKit/TYUIKit.framework",
			);
			name = "[CP] Embed Pods Frameworks";
			outputPaths = (
				"${TARGET_BUILD_DIR}/${FRAMEWORKS_FOLDER_PATH}/TYUIKit.framework",
			);
			runOnlyForDeploymentPostprocessing = 0;
			shellPath = /bin/sh;
			shellScript = "\"${PODS_ROOT}/Target Support Files/Pods-TYUIKit_Example/Pods-TYUIKit_Example-frameworks.sh\"\n";
			showEnvVarsInLog = 0;
		};
		EB1CB1202569000500441972 /* ShellScript */ = {
			isa = PBXShellScriptBuildPhase;
			buildActionMask = 2147483647;
			files = (
			);
			inputFileListPaths = (
			);
			inputPaths = (
			);
			outputFileListPaths = (
			);
			outputPaths = (
			);
			runOnlyForDeploymentPostprocessing = 0;
			shellPath = /bin/sh;
			shellScript = "#获得当前目录的名字，一般是YTXChartSocket这种\ncd ../\nPROJECT_NAME=${PWD##*/}\n\n# 编译工程\nBINARY_NAME=\"${PROJECT_NAME}Binary\"\nINSTALL_DIR=$PWD/Pod/Product\nrm -fr \"${INSTALL_DIR}\"\nmkdir $INSTALL_DIR\ncd Example\nWRK_DIR=build\nBUILD_PATH=${WRK_DIR}\nDEVICE_INCLUDE_DIR=${BUILD_PATH}/Release-iphoneos/include\nDEVICE_DIR=${BUILD_PATH}/Release-iphoneos/lib${BINARY_NAME}.a\nSIMULATOR_DIR=${BUILD_PATH}/Release-iphonesimulator/lib${BINARY_NAME}.a\nRE_OS=\"Release-iphoneos\"\nRE_SIMULATOR=\"Release-iphonesimulator\"\n\nxcodebuild -configuration \"Release\" -workspace \"${PROJECT_NAME}.xcworkspace\" -scheme \"${BINARY_NAME}\" -sdk iphoneos clean build CONFIGURATION_BUILD_DIR=\"${WRK_DIR}/${RE_OS}\" LIBRARY_SEARCH_PATHS=\"./Pods/build/${RE_OS}\" -UseModernBuildSystem=NO\nxcodebuild ARCHS=x86_64 ONLY_ACTIVE_ARCH=NO -configuration \"Release\" -workspace \"${PROJECT_NAME}.xcworkspace\" -scheme \"${BINARY_NAME}\" -sdk iphonesimulator clean build CONFIGURATION_BUILD_DIR=\"${WRK_DIR}/${RE_SIMULATOR}\" LIBRARY_SEARCH_PATHS=\"./Pods/build/${RE_SIMULATOR}\" -UseModernBuildSystem=NO\n\nif [ -d \"${INSTALL_DIR}\" ]\nthen\nrm -rf \"${INSTALL_DIR}\"\nfi\nmkdir -p \"${INSTALL_DIR}\"\n\ncp -rp \"${DEVICE_INCLUDE_DIR}\" \"${INSTALL_DIR}/\"\n\nINSTALL_LIB_DIR=${INSTALL_DIR}/lib\nmkdir -p \"${INSTALL_LIB_DIR}\"\n\nlipo -create \"${DEVICE_DIR}\" \"${SIMULATOR_DIR}\" -output \"${INSTALL_LIB_DIR}/lib${PROJECT_NAME}.a\"\nrm -r \"${WRK_DIR}\"\n";
		};
		F20859EBD51CF1FFEE8B731A /* [CP] Check Pods Manifest.lock */ = {
			isa = PBXShellScriptBuildPhase;
			buildActionMask = 2147483647;
			files = (
			);
			inputFileListPaths = (
			);
			inputPaths = (
				"${PODS_PODFILE_DIR_PATH}/Podfile.lock",
				"${PODS_ROOT}/Manifest.lock",
			);
			name = "[CP] Check Pods Manifest.lock";
			outputFileListPaths = (
			);
			outputPaths = (
				"$(DERIVED_FILE_DIR)/Pods-TYUIKit_Example-checkManifestLockResult.txt",
			);
			runOnlyForDeploymentPostprocessing = 0;
			shellPath = /bin/sh;
			shellScript = "diff \"${PODS_PODFILE_DIR_PATH}/Podfile.lock\" \"${PODS_ROOT}/Manifest.lock\" > /dev/null\nif [ $? != 0 ] ; then\n    # print error to STDERR\n    echo \"error: The sandbox is not in sync with the Podfile.lock. Run 'pod install' or update your CocoaPods installation.\" >&2\n    exit 1\nfi\n# This output is used by Xcode 'outputs' to avoid re-running this script phase.\necho \"SUCCESS\" > \"${SCRIPT_OUTPUT_FILE_0}\"\n";
			showEnvVarsInLog = 0;
		};
/* End PBXShellScriptBuildPhase section */

/* Begin PBXSourcesBuildPhase section */
		6003F586195388D20070C39A /* Sources */ = {
			isa = PBXSourcesBuildPhase;
			buildActionMask = 2147483647;
			files = (
				EBB38C34250CBA550034CCDE /* UIScrollView+TYExtension.m in Sources */,
				EB0AF6F424B8CBE7005B18B0 /* TYDefaultTableViewCell.m in Sources */,
				EB0AF72124BCA5B5005B18B0 /* MCThemeManager.m in Sources */,
				EBB38C1F250C7D510034CCDE /* UIWindow+TYExtension.m in Sources */,
				EB0AF6F524B8CBE7005B18B0 /* TYViewController.m in Sources */,
				EBB38C1A250C7BD80034CCDE /* UIView+TYExtension.m in Sources */,
				EBB38C17250C74820034CCDE /* UIColor+Extension.m in Sources */,
				6003F59E195388D20070C39A /* TYAppDelegate.m in Sources */,
				EB0AF6FB24B94A09005B18B0 /* TYDemoViewController.m in Sources */,
				EBB38C31250CB01C0034CCDE /* MCUNavigationBarScrollingAnimator.m in Sources */,
				EB0AF70C24B97AB6005B18B0 /* TYTestViewController.m in Sources */,
				EBB38C2D250CAFAF0034CCDE /* MCUScrollAnimator.m in Sources */,
				EB0AF70924B97AAE005B18B0 /* TYTestTableViewCell.m in Sources */,
				EB7582EC250BD01200321C1C /* MCTestViewViewController.m in Sources */,
				EBED17192534A871005A65C6 /* TYCollectionViewController.m in Sources */,
				6003F59A195388D20070C39A /* main.m in Sources */,
				EBB38C2A250C86E10034CCDE /* UIView+TYNibExtension.m in Sources */,
			);
			runOnlyForDeploymentPostprocessing = 0;
		};
		6003F5AA195388D20070C39A /* Sources */ = {
			isa = PBXSourcesBuildPhase;
			buildActionMask = 2147483647;
			files = (
				6003F5BC195388D20070C39A /* Tests.m in Sources */,
			);
			runOnlyForDeploymentPostprocessing = 0;
		};
		EB1CB14725690DBE00441972 /* Sources */ = {
			isa = PBXSourcesBuildPhase;
			buildActionMask = 2147483647;
			files = (
				EB1CB1652569680F00441972 /* TYUISeekBar.m in Sources */,
				EB1CB15F2569680500441972 /* UIButton+TYExtension.m in Sources */,
			);
			runOnlyForDeploymentPostprocessing = 0;
		};
/* End PBXSourcesBuildPhase section */

/* Begin PBXTargetDependency section */
		6003F5B4195388D20070C39A /* PBXTargetDependency */ = {
			isa = PBXTargetDependency;
			target = 6003F589195388D20070C39A /* TYUIKit_Example */;
			targetProxy = 6003F5B3195388D20070C39A /* PBXContainerItemProxy */;
		};
/* End PBXTargetDependency section */

/* Begin PBXVariantGroup section */
		6003F596195388D20070C39A /* InfoPlist.strings */ = {
			isa = PBXVariantGroup;
			children = (
				6003F597195388D20070C39A /* en */,
			);
			name = InfoPlist.strings;
			sourceTree = "<group>";
		};
		6003F5B8195388D20070C39A /* InfoPlist.strings */ = {
			isa = PBXVariantGroup;
			children = (
				6003F5B9195388D20070C39A /* en */,
			);
			name = InfoPlist.strings;
			sourceTree = "<group>";
		};
		71719F9D1E33DC2100824A3D /* LaunchScreen.storyboard */ = {
			isa = PBXVariantGroup;
			children = (
				71719F9E1E33DC2100824A3D /* Base */,
			);
			name = LaunchScreen.storyboard;
			sourceTree = "<group>";
		};
/* End PBXVariantGroup section */

/* Begin XCBuildConfiguration section */
		6003F5BD195388D20070C39A /* Debug */ = {
			isa = XCBuildConfiguration;
			buildSettings = {
				ALWAYS_SEARCH_USER_PATHS = NO;
				CLANG_ANALYZER_LOCALIZABILITY_NONLOCALIZED = YES;
				CLANG_CXX_LANGUAGE_STANDARD = "gnu++0x";
				CLANG_CXX_LIBRARY = "libc++";
				CLANG_ENABLE_MODULES = YES;
				CLANG_ENABLE_OBJC_ARC = YES;
				CLANG_WARN_BLOCK_CAPTURE_AUTORELEASING = YES;
				CLANG_WARN_BOOL_CONVERSION = YES;
				CLANG_WARN_COMMA = YES;
				CLANG_WARN_CONSTANT_CONVERSION = YES;
				CLANG_WARN_DEPRECATED_OBJC_IMPLEMENTATIONS = YES;
				CLANG_WARN_DIRECT_OBJC_ISA_USAGE = YES_ERROR;
				CLANG_WARN_EMPTY_BODY = YES;
				CLANG_WARN_ENUM_CONVERSION = YES;
				CLANG_WARN_INFINITE_RECURSION = YES;
				CLANG_WARN_INT_CONVERSION = YES;
				CLANG_WARN_NON_LITERAL_NULL_CONVERSION = YES;
				CLANG_WARN_OBJC_IMPLICIT_RETAIN_SELF = YES;
				CLANG_WARN_OBJC_LITERAL_CONVERSION = YES;
				CLANG_WARN_OBJC_ROOT_CLASS = YES_ERROR;
				CLANG_WARN_RANGE_LOOP_ANALYSIS = YES;
				CLANG_WARN_STRICT_PROTOTYPES = YES;
				CLANG_WARN_SUSPICIOUS_MOVE = YES;
				CLANG_WARN_UNREACHABLE_CODE = YES;
				CLANG_WARN__DUPLICATE_METHOD_MATCH = YES;
				"CODE_SIGN_IDENTITY[sdk=iphoneos*]" = "iPhone Developer";
				COPY_PHASE_STRIP = NO;
				ENABLE_STRICT_OBJC_MSGSEND = YES;
				ENABLE_TESTABILITY = YES;
				GCC_C_LANGUAGE_STANDARD = gnu99;
				GCC_DYNAMIC_NO_PIC = NO;
				GCC_NO_COMMON_BLOCKS = YES;
				GCC_OPTIMIZATION_LEVEL = 0;
				GCC_PREPROCESSOR_DEFINITIONS = (
					"DEBUG=1",
					"$(inherited)",
				);
				GCC_SYMBOLS_PRIVATE_EXTERN = NO;
				GCC_WARN_64_TO_32_BIT_CONVERSION = YES;
				GCC_WARN_ABOUT_RETURN_TYPE = YES_ERROR;
				GCC_WARN_UNDECLARED_SELECTOR = YES;
				GCC_WARN_UNINITIALIZED_AUTOS = YES_AGGRESSIVE;
				GCC_WARN_UNUSED_FUNCTION = YES;
				GCC_WARN_UNUSED_VARIABLE = YES;
				IPHONEOS_DEPLOYMENT_TARGET = 9.3;
				ONLY_ACTIVE_ARCH = YES;
				SDKROOT = iphoneos;
				TARGETED_DEVICE_FAMILY = "1,2";
			};
			name = Debug;
		};
		6003F5BE195388D20070C39A /* Release */ = {
			isa = XCBuildConfiguration;
			buildSettings = {
				ALWAYS_SEARCH_USER_PATHS = NO;
				CLANG_ANALYZER_LOCALIZABILITY_NONLOCALIZED = YES;
				CLANG_CXX_LANGUAGE_STANDARD = "gnu++0x";
				CLANG_CXX_LIBRARY = "libc++";
				CLANG_ENABLE_MODULES = YES;
				CLANG_ENABLE_OBJC_ARC = YES;
				CLANG_WARN_BLOCK_CAPTURE_AUTORELEASING = YES;
				CLANG_WARN_BOOL_CONVERSION = YES;
				CLANG_WARN_COMMA = YES;
				CLANG_WARN_CONSTANT_CONVERSION = YES;
				CLANG_WARN_DEPRECATED_OBJC_IMPLEMENTATIONS = YES;
				CLANG_WARN_DIRECT_OBJC_ISA_USAGE = YES_ERROR;
				CLANG_WARN_EMPTY_BODY = YES;
				CLANG_WARN_ENUM_CONVERSION = YES;
				CLANG_WARN_INFINITE_RECURSION = YES;
				CLANG_WARN_INT_CONVERSION = YES;
				CLANG_WARN_NON_LITERAL_NULL_CONVERSION = YES;
				CLANG_WARN_OBJC_IMPLICIT_RETAIN_SELF = YES;
				CLANG_WARN_OBJC_LITERAL_CONVERSION = YES;
				CLANG_WARN_OBJC_ROOT_CLASS = YES_ERROR;
				CLANG_WARN_RANGE_LOOP_ANALYSIS = YES;
				CLANG_WARN_STRICT_PROTOTYPES = YES;
				CLANG_WARN_SUSPICIOUS_MOVE = YES;
				CLANG_WARN_UNREACHABLE_CODE = YES;
				CLANG_WARN__DUPLICATE_METHOD_MATCH = YES;
				"CODE_SIGN_IDENTITY[sdk=iphoneos*]" = "iPhone Developer";
				COPY_PHASE_STRIP = YES;
				ENABLE_NS_ASSERTIONS = NO;
				ENABLE_STRICT_OBJC_MSGSEND = YES;
				GCC_C_LANGUAGE_STANDARD = gnu99;
				GCC_NO_COMMON_BLOCKS = YES;
				GCC_WARN_64_TO_32_BIT_CONVERSION = YES;
				GCC_WARN_ABOUT_RETURN_TYPE = YES_ERROR;
				GCC_WARN_UNDECLARED_SELECTOR = YES;
				GCC_WARN_UNINITIALIZED_AUTOS = YES_AGGRESSIVE;
				GCC_WARN_UNUSED_FUNCTION = YES;
				GCC_WARN_UNUSED_VARIABLE = YES;
				IPHONEOS_DEPLOYMENT_TARGET = 9.3;
				SDKROOT = iphoneos;
				TARGETED_DEVICE_FAMILY = "1,2";
				VALIDATE_PRODUCT = YES;
			};
			name = Release;
		};
		6003F5C0195388D20070C39A /* Debug */ = {
			isa = XCBuildConfiguration;
			baseConfigurationReference = 731C7EEFCCFC5E63E7BE2A7C /* Pods-TYUIKit_Example.debug.xcconfig */;
			buildSettings = {
				ASSETCATALOG_COMPILER_APPICON_NAME = AppIcon;
				ASSET_PACK_MANIFEST_URL_PREFIX = "http://192.168.0.101/ORD/tags/";
				CODE_SIGN_STYLE = Manual;
				DEVELOPMENT_TEAM = "";
				GCC_PRECOMPILE_PREFIX_HEADER = YES;
				GCC_PREFIX_HEADER = "TYUIKit/TYUIKit-Prefix.pch";
				GCC_PREPROCESSOR_DEFINITIONS = (
					"$(inherited)",
					"COCOAPODS=1",
					"HOME=1",
				);
				INFOPLIST_FILE = "TYUIKit/TYUIKit-Info.plist";
				IPHONEOS_DEPLOYMENT_TARGET = 11.0;
				LD_RUNPATH_SEARCH_PATHS = "$(inherited) @executable_path/Frameworks";
				MODULE_NAME = ExampleApp;
				PRODUCT_BUNDLE_IDENTIFIER = "org.twh.demo.TYUIKit-Example";
				PRODUCT_NAME = "$(TARGET_NAME)";
				PROVISIONING_PROFILE_SPECIFIER = "";
				SWIFT_VERSION = 4.0;
				WRAPPER_EXTENSION = app;
			};
			name = Debug;
		};
		6003F5C1195388D20070C39A /* Release */ = {
			isa = XCBuildConfiguration;
			baseConfigurationReference = D5F0F3D716F55AAEB56D1E24 /* Pods-TYUIKit_Example.release.xcconfig */;
			buildSettings = {
				ASSETCATALOG_COMPILER_APPICON_NAME = AppIcon;
				ASSET_PACK_MANIFEST_URL_PREFIX = "http://192.168.0.101/ORD/tags/";
				CODE_SIGN_STYLE = Manual;
				DEVELOPMENT_TEAM = "";
				GCC_PRECOMPILE_PREFIX_HEADER = YES;
				GCC_PREFIX_HEADER = "TYUIKit/TYUIKit-Prefix.pch";
				GCC_PREPROCESSOR_DEFINITIONS = (
					"$(inherited)",
					"COCOAPODS=1",
					"HOME=1",
				);
				INFOPLIST_FILE = "TYUIKit/TYUIKit-Info.plist";
				IPHONEOS_DEPLOYMENT_TARGET = 11.0;
				LD_RUNPATH_SEARCH_PATHS = "$(inherited) @executable_path/Frameworks";
				MODULE_NAME = ExampleApp;
				PRODUCT_BUNDLE_IDENTIFIER = "org.twh.demo.TYUIKit-Example";
				PRODUCT_NAME = "$(TARGET_NAME)";
				PROVISIONING_PROFILE_SPECIFIER = "";
				SWIFT_VERSION = 4.0;
				WRAPPER_EXTENSION = app;
			};
			name = Release;
		};
		6003F5C3195388D20070C39A /* Debug */ = {
			isa = XCBuildConfiguration;
			buildSettings = {
				BUNDLE_LOADER = "$(TEST_HOST)";
				"CODE_SIGN_IDENTITY[sdk=macosx*]" = "Apple Development";
				DEVELOPMENT_TEAM = ZA734EWL3T;
				FRAMEWORK_SEARCH_PATHS = (
					"$(PLATFORM_DIR)/Developer/Library/Frameworks",
					"$(inherited)",
					"$(DEVELOPER_FRAMEWORKS_DIR)",
				);
				GCC_PRECOMPILE_PREFIX_HEADER = YES;
				GCC_PREFIX_HEADER = "Tests/Tests-Prefix.pch";
				GCC_PREPROCESSOR_DEFINITIONS = (
					"DEBUG=1",
					"$(inherited)",
				);
				INFOPLIST_FILE = "Tests/Tests-Info.plist";
				PRODUCT_BUNDLE_IDENTIFIER = "org.cocoapods.demo.${PRODUCT_NAME:rfc1034identifier}";
				PRODUCT_NAME = "$(TARGET_NAME)";
				SWIFT_VERSION = 4.0;
				TEST_HOST = "$(BUILT_PRODUCTS_DIR)/TYUIKit_Example.app/TYUIKit_Example";
				WRAPPER_EXTENSION = xctest;
			};
			name = Debug;
		};
		6003F5C4195388D20070C39A /* Release */ = {
			isa = XCBuildConfiguration;
			buildSettings = {
				BUNDLE_LOADER = "$(TEST_HOST)";
				"CODE_SIGN_IDENTITY[sdk=macosx*]" = "Apple Development";
				DEVELOPMENT_TEAM = ZA734EWL3T;
				FRAMEWORK_SEARCH_PATHS = (
					"$(PLATFORM_DIR)/Developer/Library/Frameworks",
					"$(inherited)",
					"$(DEVELOPER_FRAMEWORKS_DIR)",
				);
				GCC_PRECOMPILE_PREFIX_HEADER = YES;
				GCC_PREFIX_HEADER = "Tests/Tests-Prefix.pch";
				INFOPLIST_FILE = "Tests/Tests-Info.plist";
				PRODUCT_BUNDLE_IDENTIFIER = "org.cocoapods.demo.${PRODUCT_NAME:rfc1034identifier}";
				PRODUCT_NAME = "$(TARGET_NAME)";
				SWIFT_VERSION = 4.0;
				TEST_HOST = "$(BUILT_PRODUCTS_DIR)/TYUIKit_Example.app/TYUIKit_Example";
				WRAPPER_EXTENSION = xctest;
			};
			name = Release;
		};
		EB1CB11B2568FFA000441972 /* Debug */ = {
			isa = XCBuildConfiguration;
			buildSettings = {
				CODE_SIGN_STYLE = Automatic;
				DEVELOPMENT_TEAM = ZA734EWL3T;
				PRODUCT_NAME = "$(TARGET_NAME)";
			};
			name = Debug;
		};
		EB1CB11C2568FFA000441972 /* Release */ = {
			isa = XCBuildConfiguration;
			buildSettings = {
				CODE_SIGN_STYLE = Automatic;
				DEVELOPMENT_TEAM = ZA734EWL3T;
				PRODUCT_NAME = "$(TARGET_NAME)";
			};
			name = Release;
		};
		EB1CB15225690DBE00441972 /* Debug */ = {
			isa = XCBuildConfiguration;
			buildSettings = {
				CLANG_ANALYZER_NONNULL = YES;
				CLANG_ANALYZER_NUMBER_OBJECT_CONVERSION = YES_AGGRESSIVE;
				CLANG_CXX_LANGUAGE_STANDARD = "gnu++14";
				CLANG_ENABLE_OBJC_WEAK = YES;
				CLANG_WARN_DOCUMENTATION_COMMENTS = YES;
				CLANG_WARN_QUOTED_INCLUDE_IN_FRAMEWORK_HEADER = YES;
				CLANG_WARN_UNGUARDED_AVAILABILITY = YES_AGGRESSIVE;
				CODE_SIGN_STYLE = Automatic;
				DEBUG_INFORMATION_FORMAT = dwarf;
				DEVELOPMENT_TEAM = ZA734EWL3T;
				GCC_C_LANGUAGE_STANDARD = gnu11;
				IPHONEOS_DEPLOYMENT_TARGET = 14.2;
				MTL_ENABLE_DEBUG_INFO = INCLUDE_SOURCE;
				MTL_FAST_MATH = YES;
				OTHER_LDFLAGS = "-ObjC";
				PRODUCT_NAME = "$(TARGET_NAME)";
				SKIP_INSTALL = YES;
				TARGETED_DEVICE_FAMILY = "1,2";
			};
			name = Debug;
		};
		EB1CB15325690DBE00441972 /* Release */ = {
			isa = XCBuildConfiguration;
			buildSettings = {
				CLANG_ANALYZER_NONNULL = YES;
				CLANG_ANALYZER_NUMBER_OBJECT_CONVERSION = YES_AGGRESSIVE;
				CLANG_CXX_LANGUAGE_STANDARD = "gnu++14";
				CLANG_ENABLE_OBJC_WEAK = YES;
				CLANG_WARN_DOCUMENTATION_COMMENTS = YES;
				CLANG_WARN_QUOTED_INCLUDE_IN_FRAMEWORK_HEADER = YES;
				CLANG_WARN_UNGUARDED_AVAILABILITY = YES_AGGRESSIVE;
				CODE_SIGN_STYLE = Automatic;
				COPY_PHASE_STRIP = NO;
				DEBUG_INFORMATION_FORMAT = "dwarf-with-dsym";
				DEVELOPMENT_TEAM = ZA734EWL3T;
				GCC_C_LANGUAGE_STANDARD = gnu11;
				IPHONEOS_DEPLOYMENT_TARGET = 14.2;
				MTL_ENABLE_DEBUG_INFO = NO;
				MTL_FAST_MATH = YES;
				OTHER_LDFLAGS = "-ObjC";
				PRODUCT_NAME = "$(TARGET_NAME)";
				SKIP_INSTALL = YES;
				TARGETED_DEVICE_FAMILY = "1,2";
			};
			name = Release;
		};
/* End XCBuildConfiguration section */

/* Begin XCConfigurationList section */
		6003F585195388D10070C39A /* Build configuration list for PBXProject "TYUIKit" */ = {
			isa = XCConfigurationList;
			buildConfigurations = (
				6003F5BD195388D20070C39A /* Debug */,
				6003F5BE195388D20070C39A /* Release */,
			);
			defaultConfigurationIsVisible = 0;
			defaultConfigurationName = Release;
		};
		6003F5BF195388D20070C39A /* Build configuration list for PBXNativeTarget "TYUIKit_Example" */ = {
			isa = XCConfigurationList;
			buildConfigurations = (
				6003F5C0195388D20070C39A /* Debug */,
				6003F5C1195388D20070C39A /* Release */,
			);
			defaultConfigurationIsVisible = 0;
			defaultConfigurationName = Release;
		};
		6003F5C2195388D20070C39A /* Build configuration list for PBXNativeTarget "TYUIKit_Tests" */ = {
			isa = XCConfigurationList;
			buildConfigurations = (
				6003F5C3195388D20070C39A /* Debug */,
				6003F5C4195388D20070C39A /* Release */,
			);
			defaultConfigurationIsVisible = 0;
			defaultConfigurationName = Release;
		};
		EB1CB11A2568FFA000441972 /* Build configuration list for PBXAggregateTarget "Aggregate" */ = {
			isa = XCConfigurationList;
			buildConfigurations = (
				EB1CB11B2568FFA000441972 /* Debug */,
				EB1CB11C2568FFA000441972 /* Release */,
			);
			defaultConfigurationIsVisible = 0;
			defaultConfigurationName = Release;
		};
		EB1CB15125690DBE00441972 /* Build configuration list for PBXNativeTarget "TYUIKitBinary" */ = {
			isa = XCConfigurationList;
			buildConfigurations = (
				EB1CB15225690DBE00441972 /* Debug */,
				EB1CB15325690DBE00441972 /* Release */,
			);
			defaultConfigurationIsVisible = 0;
			defaultConfigurationName = Release;
		};
/* End XCConfigurationList section */
	};
	rootObject = 6003F582195388D10070C39A /* Project object */;
}
