PODS:
  - TYUIKit (0.1.1):
    - TYUIKit/TYUIExtentsion (= 0.1.1)
    - TYUIKit/TYUIWidget (= 0.1.1)
  - TYUIKit/TYUIExtentsion (0.1.1)
  - TYUIKit/TYUIWidget (0.1.1)

DEPENDENCIES:
  - TYUIKit (from `../`)

EXTERNAL SOURCES:
  TYUIKit:
    :path: "../"

SPEC CHECKSUMS:
  TYUIKit: f0c67fe546747932e356b4134ba219aef9144d47

PODFILE CHECKSUM: 6bdceacbf496da9b08a0fc9f6d6366125f2d8f9f

COCOAPODS: 1.9.2
