PODS:
  - TYUIKit (0.1.2):
    - TYUIKit/UIExtensions (= 0.1.2)
    - TYUIKit/UIWidgets (= 0.1.2)
  - TYUIKit/UIExtensions (0.1.2)
  - TYUIKit/UIWidgets (0.1.2)

DEPENDENCIES:
  - TYUIKit (from `../`)

EXTERNAL SOURCES:
  TYUIKit:
    :path: "../"

SPEC CHECKSUMS:
  TYUIKit: fdf261341ad2826f121e0121f615cdd0cdecfcc2

PODFILE CHECKSUM: 5203d9047909c81cd49d7828bdb8f240237dffb1

COCOAPODS: 1.9.1
